
Microsoft Visual Studio Solution File, Format Version 12.00
# Visual Studio Version 16
VisualStudioVersion = 16.0.30907.101
MinimumVisualStudioVersion = 10.0.40219.1
Project("{9A19103F-16F7-4668-BE54-9A1E7A4F7556}") = "PDdotnet2", "PDdotnet2\PDdotnet2.csproj", "{C18C4ECF-5278-4498-865C-BAF6B5801BD1}"
EndProject
Global
	GlobalSection(SolutionConfigurationPlatforms) = preSolution
		Debug|Any CPU = Debug|Any CPU
		Release|Any CPU = Release|Any CPU
	EndGlobalSection
	GlobalSection(ProjectConfigurationPlatforms) = postSolution
		{C18C4ECF-5278-4498-865C-BAF6B5801BD1}.Debug|Any CPU.ActiveCfg = Debug|Any CPU
		{C18C4ECF-5278-4498-865C-BAF6B5801BD1}.Debug|Any CPU.Build.0 = Debug|Any CPU
		{C18C4ECF-5278-4498-865C-BAF6B5801BD1}.Release|Any CPU.ActiveCfg = Release|Any CPU
		{C18C4ECF-5278-4498-865C-BAF6B5801BD1}.Release|Any CPU.Build.0 = Release|Any CPU
	EndGlobalSection
	GlobalSection(SolutionProperties) = preSolution
		HideSolutionNode = FALSE
	EndGlobalSection
	GlobalSection(ExtensibilityGlobals) = postSolution
		SolutionGuid = {C6E8E512-EF58-4995-8A0B-7BAB12BFDE3F}
	EndGlobalSection
EndGlobal
